
Microsoft Visual Studio Solution File, Format Version 12.00
# Visual Studio 15
VisualStudioVersion = 15.0.27130.2027
MinimumVisualStudioVersion = 10.0.40219.1
Project("{8BC9CEB8-8B4A-11D0-8D11-00A0C91BC942}") = "Test", "Test\Test.vcxproj", "{E848D1F0-8000-4070-92CF-436F220DA630}"
EndProject
Global
	GlobalSection(SolutionConfigurationPlatforms) = preSolution
		Debug|x64 = Debug|x64
		Debug|x86 = Debug|x86
		Release|x64 = Release|x64
		Release|x86 = Release|x86
	EndGlobalSection
	GlobalSection(ProjectConfigurationPlatforms) = postSolution
		{E848D1F0-8000-4070-92CF-436F220DA630}.Debug|x64.ActiveCfg = Debug|x64
		{E848D1F0-8000-4070-92CF-436F220DA630}.Debug|x64.Build.0 = Debug|x64
		{E848D1F0-8000-4070-92CF-436F220DA630}.Debug|x86.ActiveCfg = Debug|Win32
		{E848D1F0-8000-4070-92CF-436F220DA630}.Debug|x86.Build.0 = Debug|Win32
		{E848D1F0-8000-4070-92CF-436F220DA630}.Release|x64.ActiveCfg = Release|x64
		{E848D1F0-8000-4070-92CF-436F220DA630}.Release|x64.Build.0 = Release|x64
		{E848D1F0-8000-4070-92CF-436F220DA630}.Release|x86.ActiveCfg = Release|Win32
		{E848D1F0-8000-4070-92CF-436F220DA630}.Release|x86.Build.0 = Release|Win32
	EndGlobalSection
	GlobalSection(SolutionProperties) = preSolution
		HideSolutionNode = FALSE
	EndGlobalSection
	GlobalSection(ExtensibilityGlobals) = postSolution
		SolutionGuid = {EC486918-09A6-44F6-867C-CBC2C35B2D2F}
	EndGlobalSection
EndGlobal
